
Microsoft Visual Studio Solution File, Format Version 12.00
# Visual Studio Version 17
VisualStudioVersion = 17.8.34309.116
MinimumVisualStudioVersion = 10.0.40219.1
Project("{FAE04EC0-301F-11D3-BF4B-00C04F79EFBC}") = "MetotNedir", "MetotNedir\MetotNedir.csproj", "{F6AB96B6-69A7-439C-8D37-3BF2736B7FB3}"
EndProject
Global
	GlobalSection(SolutionConfigurationPlatforms) = preSolution
		Debug|Any CPU = Debug|Any CPU
		Release|Any CPU = Release|Any CPU
	EndGlobalSection
	GlobalSection(ProjectConfigurationPlatforms) = postSolution
		{F6AB96B6-69A7-439C-8D37-3BF2736B7FB3}.Debug|Any CPU.ActiveCfg = Debug|Any CPU
		{F6AB96B6-69A7-439C-8D37-3BF2736B7FB3}.Debug|Any CPU.Build.0 = Debug|Any CPU
		{F6AB96B6-69A7-439C-8D37-3BF2736B7FB3}.Release|Any CPU.ActiveCfg = Release|Any CPU
		{F6AB96B6-69A7-439C-8D37-3BF2736B7FB3}.Release|Any CPU.Build.0 = Release|Any CPU
	EndGlobalSection
	GlobalSection(SolutionProperties) = preSolution
		HideSolutionNode = FALSE
	EndGlobalSection
	GlobalSection(ExtensibilityGlobals) = postSolution
		SolutionGuid = {7F92A562-AA58-4220-990E-4DE69EC630DA}
	EndGlobalSection
EndGlobal
