
Microsoft Visual Studio Solution File, Format Version 12.00
# Visual Studio Version 17
VisualStudioVersion = 17.7.34221.43
MinimumVisualStudioVersion = 10.0.40219.1
Project("{9A19103F-16F7-4668-BE54-9A1E7A4F7556}") = "Donguler1", "Donguler1\Donguler1.csproj", "{77EFCEAA-351D-4F62-8115-2ACE5286B774}"
EndProject
Project("{9A19103F-16F7-4668-BE54-9A1E7A4F7556}") = "Donguler2", "Donguler2\Donguler2.csproj", "{A8A8AF34-2E00-4F97-A9C3-1961BB429D90}"
EndProject
Project("{9A19103F-16F7-4668-BE54-9A1E7A4F7556}") = "Donguler3", "Donguler3\Donguler3.csproj", "{A1F04D26-1BE7-43FE-BB34-A313A7D3EA8A}"
EndProject
Project("{9A19103F-16F7-4668-BE54-9A1E7A4F7556}") = "Donguler4", "Donguler4\Donguler4.csproj", "{FC406516-4357-4ECA-ABEE-27D9963D465A}"
EndProject
Project("{9A19103F-16F7-4668-BE54-9A1E7A4F7556}") = "Donguler5", "Donguler5\Donguler5.csproj", "{CFD4D059-78C0-4FBB-96C0-04E503D3C549}"
EndProject
Project("{9A19103F-16F7-4668-BE54-9A1E7A4F7556}") = "Donguler6", "Donguler6\Donguler6.csproj", "{193B5DF4-4A1C-480A-954D-0FB200B76B24}"
EndProject
Project("{9A19103F-16F7-4668-BE54-9A1E7A4F7556}") = "Donguler7", "Donguler7\Donguler7.csproj", "{9CC3B980-ED78-447D-9063-4418D7AA0893}"
EndProject
Project("{9A19103F-16F7-4668-BE54-9A1E7A4F7556}") = "Donguler8", "Donguler8\Donguler8.csproj", "{6A398FFE-D2DA-4FD7-B6B5-D9C7D2221933}"
EndProject
Project("{9A19103F-16F7-4668-BE54-9A1E7A4F7556}") = "Donguler9", "Donguler9\Donguler9.csproj", "{B9778CE5-83B1-4403-8020-9B24F8D94825}"
EndProject
Project("{9A19103F-16F7-4668-BE54-9A1E7A4F7556}") = "Donguler10", "Donguler10\Donguler10.csproj", "{377B9984-0AE9-43C5-9577-EC3EB623C1B2}"
EndProject
Project("{9A19103F-16F7-4668-BE54-9A1E7A4F7556}") = "Donguler11", "Donguler11\Donguler11.csproj", "{E4672F59-9930-4A1A-9623-00CDB0FAD998}"
EndProject
Project("{9A19103F-16F7-4668-BE54-9A1E7A4F7556}") = "Donguler12", "Donguler12\Donguler12.csproj", "{77E1AB1B-3CED-45A2-8756-A9F6CFA4A107}"
EndProject
Project("{9A19103F-16F7-4668-BE54-9A1E7A4F7556}") = "Donguler13", "Donguler13\Donguler13.csproj", "{7EB3AFB8-F605-4AEB-9833-6110EE22A53B}"
EndProject
Project("{9A19103F-16F7-4668-BE54-9A1E7A4F7556}") = "Donguler14", "Donguler14\Donguler14.csproj", "{A8309D7F-B848-425A-80E1-3D5B1250C0A5}"
EndProject
Project("{9A19103F-16F7-4668-BE54-9A1E7A4F7556}") = "Donguler15", "Donguler15\Donguler15.csproj", "{9AF11CBA-B278-4B75-8307-9A58DBAF3E72}"
EndProject
Project("{9A19103F-16F7-4668-BE54-9A1E7A4F7556}") = "Donguler16", "Donguler16\Donguler16.csproj", "{78194919-473C-4F01-B2E8-7204E55BD1D3}"
EndProject
Project("{9A19103F-16F7-4668-BE54-9A1E7A4F7556}") = "Donguler17", "Donguler17\Donguler17.csproj", "{EFACCD88-94DE-46A3-A4AB-5660BDF56346}"
EndProject
Project("{9A19103F-16F7-4668-BE54-9A1E7A4F7556}") = "Donguler18", "Donguler18\Donguler18.csproj", "{7719FC5B-637D-4BED-A2E9-5D0507CC9D96}"
EndProject
Project("{9A19103F-16F7-4668-BE54-9A1E7A4F7556}") = "Donguler19", "Donguler19\Donguler19.csproj", "{0B8B60D7-1BCD-4DF9-8A2E-3E5A9BE118F1}"
EndProject
Project("{9A19103F-16F7-4668-BE54-9A1E7A4F7556}") = "Donguler20", "Donguler20\Donguler20.csproj", "{E8827306-0B47-44C7-9251-59F4084C7FF8}"
EndProject
Project("{9A19103F-16F7-4668-BE54-9A1E7A4F7556}") = "Donguler21", "Donguler21\Donguler21.csproj", "{88557B9C-CB30-4F20-A37B-1750661F08D8}"
EndProject
Project("{9A19103F-16F7-4668-BE54-9A1E7A4F7556}") = "Donguler22", "Donguler22\Donguler22.csproj", "{9F1364CC-4F88-4A99-ADBB-8CCB82ED3CB6}"
EndProject
Project("{9A19103F-16F7-4668-BE54-9A1E7A4F7556}") = "Donguler23", "Donguler23\Donguler23.csproj", "{E81B425D-FE46-4CBB-91F2-8F3E68CE6F1D}"
EndProject
Project("{9A19103F-16F7-4668-BE54-9A1E7A4F7556}") = "Donguler24", "Donguler24\Donguler24.csproj", "{6C219373-E1FD-41AD-9C03-7BD7AF1F4A28}"
EndProject
Project("{9A19103F-16F7-4668-BE54-9A1E7A4F7556}") = "Donguler25", "Donguler25\Donguler25.csproj", "{59CF0972-DF8B-448F-B244-FAAC80EFD64B}"
EndProject
Global
	GlobalSection(SolutionConfigurationPlatforms) = preSolution
		Debug|Any CPU = Debug|Any CPU
		Release|Any CPU = Release|Any CPU
	EndGlobalSection
	GlobalSection(ProjectConfigurationPlatforms) = postSolution
		{77EFCEAA-351D-4F62-8115-2ACE5286B774}.Debug|Any CPU.ActiveCfg = Debug|Any CPU
		{77EFCEAA-351D-4F62-8115-2ACE5286B774}.Debug|Any CPU.Build.0 = Debug|Any CPU
		{77EFCEAA-351D-4F62-8115-2ACE5286B774}.Release|Any CPU.ActiveCfg = Release|Any CPU
		{77EFCEAA-351D-4F62-8115-2ACE5286B774}.Release|Any CPU.Build.0 = Release|Any CPU
		{A8A8AF34-2E00-4F97-A9C3-1961BB429D90}.Debug|Any CPU.ActiveCfg = Debug|Any CPU
		{A8A8AF34-2E00-4F97-A9C3-1961BB429D90}.Debug|Any CPU.Build.0 = Debug|Any CPU
		{A8A8AF34-2E00-4F97-A9C3-1961BB429D90}.Release|Any CPU.ActiveCfg = Release|Any CPU
		{A8A8AF34-2E00-4F97-A9C3-1961BB429D90}.Release|Any CPU.Build.0 = Release|Any CPU
		{A1F04D26-1BE7-43FE-BB34-A313A7D3EA8A}.Debug|Any CPU.ActiveCfg = Debug|Any CPU
		{A1F04D26-1BE7-43FE-BB34-A313A7D3EA8A}.Debug|Any CPU.Build.0 = Debug|Any CPU
		{A1F04D26-1BE7-43FE-BB34-A313A7D3EA8A}.Release|Any CPU.ActiveCfg = Release|Any CPU
		{A1F04D26-1BE7-43FE-BB34-A313A7D3EA8A}.Release|Any CPU.Build.0 = Release|Any CPU
		{FC406516-4357-4ECA-ABEE-27D9963D465A}.Debug|Any CPU.ActiveCfg = Debug|Any CPU
		{FC406516-4357-4ECA-ABEE-27D9963D465A}.Debug|Any CPU.Build.0 = Debug|Any CPU
		{FC406516-4357-4ECA-ABEE-27D9963D465A}.Release|Any CPU.ActiveCfg = Release|Any CPU
		{FC406516-4357-4ECA-ABEE-27D9963D465A}.Release|Any CPU.Build.0 = Release|Any CPU
		{CFD4D059-78C0-4FBB-96C0-04E503D3C549}.Debug|Any CPU.ActiveCfg = Debug|Any CPU
		{CFD4D059-78C0-4FBB-96C0-04E503D3C549}.Debug|Any CPU.Build.0 = Debug|Any CPU
		{CFD4D059-78C0-4FBB-96C0-04E503D3C549}.Release|Any CPU.ActiveCfg = Release|Any CPU
		{CFD4D059-78C0-4FBB-96C0-04E503D3C549}.Release|Any CPU.Build.0 = Release|Any CPU
		{193B5DF4-4A1C-480A-954D-0FB200B76B24}.Debug|Any CPU.ActiveCfg = Debug|Any CPU
		{193B5DF4-4A1C-480A-954D-0FB200B76B24}.Debug|Any CPU.Build.0 = Debug|Any CPU
		{193B5DF4-4A1C-480A-954D-0FB200B76B24}.Release|Any CPU.ActiveCfg = Release|Any CPU
		{193B5DF4-4A1C-480A-954D-0FB200B76B24}.Release|Any CPU.Build.0 = Release|Any CPU
		{9CC3B980-ED78-447D-9063-4418D7AA0893}.Debug|Any CPU.ActiveCfg = Debug|Any CPU
		{9CC3B980-ED78-447D-9063-4418D7AA0893}.Debug|Any CPU.Build.0 = Debug|Any CPU
		{9CC3B980-ED78-447D-9063-4418D7AA0893}.Release|Any CPU.ActiveCfg = Release|Any CPU
		{9CC3B980-ED78-447D-9063-4418D7AA0893}.Release|Any CPU.Build.0 = Release|Any CPU
		{6A398FFE-D2DA-4FD7-B6B5-D9C7D2221933}.Debug|Any CPU.ActiveCfg = Debug|Any CPU
		{6A398FFE-D2DA-4FD7-B6B5-D9C7D2221933}.Debug|Any CPU.Build.0 = Debug|Any CPU
		{6A398FFE-D2DA-4FD7-B6B5-D9C7D2221933}.Release|Any CPU.ActiveCfg = Release|Any CPU
		{6A398FFE-D2DA-4FD7-B6B5-D9C7D2221933}.Release|Any CPU.Build.0 = Release|Any CPU
		{B9778CE5-83B1-4403-8020-9B24F8D94825}.Debug|Any CPU.ActiveCfg = Debug|Any CPU
		{B9778CE5-83B1-4403-8020-9B24F8D94825}.Debug|Any CPU.Build.0 = Debug|Any CPU
		{B9778CE5-83B1-4403-8020-9B24F8D94825}.Release|Any CPU.ActiveCfg = Release|Any CPU
		{B9778CE5-83B1-4403-8020-9B24F8D94825}.Release|Any CPU.Build.0 = Release|Any CPU
		{377B9984-0AE9-43C5-9577-EC3EB623C1B2}.Debug|Any CPU.ActiveCfg = Debug|Any CPU
		{377B9984-0AE9-43C5-9577-EC3EB623C1B2}.Debug|Any CPU.Build.0 = Debug|Any CPU
		{377B9984-0AE9-43C5-9577-EC3EB623C1B2}.Release|Any CPU.ActiveCfg = Release|Any CPU
		{377B9984-0AE9-43C5-9577-EC3EB623C1B2}.Release|Any CPU.Build.0 = Release|Any CPU
		{E4672F59-9930-4A1A-9623-00CDB0FAD998}.Debug|Any CPU.ActiveCfg = Debug|Any CPU
		{E4672F59-9930-4A1A-9623-00CDB0FAD998}.Debug|Any CPU.Build.0 = Debug|Any CPU
		{E4672F59-9930-4A1A-9623-00CDB0FAD998}.Release|Any CPU.ActiveCfg = Release|Any CPU
		{E4672F59-9930-4A1A-9623-00CDB0FAD998}.Release|Any CPU.Build.0 = Release|Any CPU
		{77E1AB1B-3CED-45A2-8756-A9F6CFA4A107}.Debug|Any CPU.ActiveCfg = Debug|Any CPU
		{77E1AB1B-3CED-45A2-8756-A9F6CFA4A107}.Debug|Any CPU.Build.0 = Debug|Any CPU
		{77E1AB1B-3CED-45A2-8756-A9F6CFA4A107}.Release|Any CPU.ActiveCfg = Release|Any CPU
		{77E1AB1B-3CED-45A2-8756-A9F6CFA4A107}.Release|Any CPU.Build.0 = Release|Any CPU
		{7EB3AFB8-F605-4AEB-9833-6110EE22A53B}.Debug|Any CPU.ActiveCfg = Debug|Any CPU
		{7EB3AFB8-F605-4AEB-9833-6110EE22A53B}.Debug|Any CPU.Build.0 = Debug|Any CPU
		{7EB3AFB8-F605-4AEB-9833-6110EE22A53B}.Release|Any CPU.ActiveCfg = Release|Any CPU
		{7EB3AFB8-F605-4AEB-9833-6110EE22A53B}.Release|Any CPU.Build.0 = Release|Any CPU
		{A8309D7F-B848-425A-80E1-3D5B1250C0A5}.Debug|Any CPU.ActiveCfg = Debug|Any CPU
		{A8309D7F-B848-425A-80E1-3D5B1250C0A5}.Debug|Any CPU.Build.0 = Debug|Any CPU
		{A8309D7F-B848-425A-80E1-3D5B1250C0A5}.Release|Any CPU.ActiveCfg = Release|Any CPU
		{A8309D7F-B848-425A-80E1-3D5B1250C0A5}.Release|Any CPU.Build.0 = Release|Any CPU
		{9AF11CBA-B278-4B75-8307-9A58DBAF3E72}.Debug|Any CPU.ActiveCfg = Debug|Any CPU
		{9AF11CBA-B278-4B75-8307-9A58DBAF3E72}.Debug|Any CPU.Build.0 = Debug|Any CPU
		{9AF11CBA-B278-4B75-8307-9A58DBAF3E72}.Release|Any CPU.ActiveCfg = Release|Any CPU
		{9AF11CBA-B278-4B75-8307-9A58DBAF3E72}.Release|Any CPU.Build.0 = Release|Any CPU
		{78194919-473C-4F01-B2E8-7204E55BD1D3}.Debug|Any CPU.ActiveCfg = Debug|Any CPU
		{78194919-473C-4F01-B2E8-7204E55BD1D3}.Debug|Any CPU.Build.0 = Debug|Any CPU
		{78194919-473C-4F01-B2E8-7204E55BD1D3}.Release|Any CPU.ActiveCfg = Release|Any CPU
		{78194919-473C-4F01-B2E8-7204E55BD1D3}.Release|Any CPU.Build.0 = Release|Any CPU
		{EFACCD88-94DE-46A3-A4AB-5660BDF56346}.Debug|Any CPU.ActiveCfg = Debug|Any CPU
		{EFACCD88-94DE-46A3-A4AB-5660BDF56346}.Debug|Any CPU.Build.0 = Debug|Any CPU
		{EFACCD88-94DE-46A3-A4AB-5660BDF56346}.Release|Any CPU.ActiveCfg = Release|Any CPU
		{EFACCD88-94DE-46A3-A4AB-5660BDF56346}.Release|Any CPU.Build.0 = Release|Any CPU
		{7719FC5B-637D-4BED-A2E9-5D0507CC9D96}.Debug|Any CPU.ActiveCfg = Debug|Any CPU
		{7719FC5B-637D-4BED-A2E9-5D0507CC9D96}.Debug|Any CPU.Build.0 = Debug|Any CPU
		{7719FC5B-637D-4BED-A2E9-5D0507CC9D96}.Release|Any CPU.ActiveCfg = Release|Any CPU
		{7719FC5B-637D-4BED-A2E9-5D0507CC9D96}.Release|Any CPU.Build.0 = Release|Any CPU
		{0B8B60D7-1BCD-4DF9-8A2E-3E5A9BE118F1}.Debug|Any CPU.ActiveCfg = Debug|Any CPU
		{0B8B60D7-1BCD-4DF9-8A2E-3E5A9BE118F1}.Debug|Any CPU.Build.0 = Debug|Any CPU
		{0B8B60D7-1BCD-4DF9-8A2E-3E5A9BE118F1}.Release|Any CPU.ActiveCfg = Release|Any CPU
		{0B8B60D7-1BCD-4DF9-8A2E-3E5A9BE118F1}.Release|Any CPU.Build.0 = Release|Any CPU
		{E8827306-0B47-44C7-9251-59F4084C7FF8}.Debug|Any CPU.ActiveCfg = Debug|Any CPU
		{E8827306-0B47-44C7-9251-59F4084C7FF8}.Debug|Any CPU.Build.0 = Debug|Any CPU
		{E8827306-0B47-44C7-9251-59F4084C7FF8}.Release|Any CPU.ActiveCfg = Release|Any CPU
		{E8827306-0B47-44C7-9251-59F4084C7FF8}.Release|Any CPU.Build.0 = Release|Any CPU
		{88557B9C-CB30-4F20-A37B-1750661F08D8}.Debug|Any CPU.ActiveCfg = Debug|Any CPU
		{88557B9C-CB30-4F20-A37B-1750661F08D8}.Debug|Any CPU.Build.0 = Debug|Any CPU
		{88557B9C-CB30-4F20-A37B-1750661F08D8}.Release|Any CPU.ActiveCfg = Release|Any CPU
		{88557B9C-CB30-4F20-A37B-1750661F08D8}.Release|Any CPU.Build.0 = Release|Any CPU
		{9F1364CC-4F88-4A99-ADBB-8CCB82ED3CB6}.Debug|Any CPU.ActiveCfg = Debug|Any CPU
		{9F1364CC-4F88-4A99-ADBB-8CCB82ED3CB6}.Debug|Any CPU.Build.0 = Debug|Any CPU
		{9F1364CC-4F88-4A99-ADBB-8CCB82ED3CB6}.Release|Any CPU.ActiveCfg = Release|Any CPU
		{9F1364CC-4F88-4A99-ADBB-8CCB82ED3CB6}.Release|Any CPU.Build.0 = Release|Any CPU
		{E81B425D-FE46-4CBB-91F2-8F3E68CE6F1D}.Debug|Any CPU.ActiveCfg = Debug|Any CPU
		{E81B425D-FE46-4CBB-91F2-8F3E68CE6F1D}.Debug|Any CPU.Build.0 = Debug|Any CPU
		{E81B425D-FE46-4CBB-91F2-8F3E68CE6F1D}.Release|Any CPU.ActiveCfg = Release|Any CPU
		{E81B425D-FE46-4CBB-91F2-8F3E68CE6F1D}.Release|Any CPU.Build.0 = Release|Any CPU
		{6C219373-E1FD-41AD-9C03-7BD7AF1F4A28}.Debug|Any CPU.ActiveCfg = Debug|Any CPU
		{6C219373-E1FD-41AD-9C03-7BD7AF1F4A28}.Debug|Any CPU.Build.0 = Debug|Any CPU
		{6C219373-E1FD-41AD-9C03-7BD7AF1F4A28}.Release|Any CPU.ActiveCfg = Release|Any CPU
		{6C219373-E1FD-41AD-9C03-7BD7AF1F4A28}.Release|Any CPU.Build.0 = Release|Any CPU
		{59CF0972-DF8B-448F-B244-FAAC80EFD64B}.Debug|Any CPU.ActiveCfg = Debug|Any CPU
		{59CF0972-DF8B-448F-B244-FAAC80EFD64B}.Debug|Any CPU.Build.0 = Debug|Any CPU
		{59CF0972-DF8B-448F-B244-FAAC80EFD64B}.Release|Any CPU.ActiveCfg = Release|Any CPU
		{59CF0972-DF8B-448F-B244-FAAC80EFD64B}.Release|Any CPU.Build.0 = Release|Any CPU
	EndGlobalSection
	GlobalSection(SolutionProperties) = preSolution
		HideSolutionNode = FALSE
	EndGlobalSection
	GlobalSection(ExtensibilityGlobals) = postSolution
		SolutionGuid = {82DABA73-654D-4C77-A292-1991983F29E9}
	EndGlobalSection
EndGlobal
