
Microsoft Visual Studio Solution File, Format Version 12.00
# Visual Studio Version 17
VisualStudioVersion = 17.7.34221.43
MinimumVisualStudioVersion = 10.0.40219.1
Project("{9A19103F-16F7-4668-BE54-9A1E7A4F7556}") = "Diziler1", "Diziler1\Diziler1.csproj", "{E407B001-12C1-4EE7-B938-ED4914D0A131}"
EndProject
Project("{9A19103F-16F7-4668-BE54-9A1E7A4F7556}") = "Diziler2", "Diziler2\Diziler2.csproj", "{BCF58CE1-C6F8-4167-B20D-CF463F092ECD}"
EndProject
Project("{9A19103F-16F7-4668-BE54-9A1E7A4F7556}") = "Diziler3", "Diziler3\Diziler3.csproj", "{CAE77D2E-67D9-4DB0-A77E-B8F97DED3F64}"
EndProject
Project("{9A19103F-16F7-4668-BE54-9A1E7A4F7556}") = "Diziler4", "Diziler4\Diziler4.csproj", "{07099695-25EB-4076-A480-EC6F269FD985}"
EndProject
Project("{9A19103F-16F7-4668-BE54-9A1E7A4F7556}") = "Diziler5", "Diziler5\Diziler5.csproj", "{A271B2EC-9E5C-40B6-9B29-C36B4BE1024A}"
EndProject
Project("{9A19103F-16F7-4668-BE54-9A1E7A4F7556}") = "Diziler6", "Diziler6\Diziler6.csproj", "{A33CCBA4-F5F4-473D-BB98-31F19DD727F7}"
EndProject
Project("{9A19103F-16F7-4668-BE54-9A1E7A4F7556}") = "Diziler7", "Diziler7\Diziler7.csproj", "{4EED3FF3-3EF3-4A51-A765-AEE2388B640D}"
EndProject
Project("{9A19103F-16F7-4668-BE54-9A1E7A4F7556}") = "Diziler8", "Diziler8\Diziler8.csproj", "{BD8E7195-C9B1-4389-8622-0A478FC7825F}"
EndProject
Project("{9A19103F-16F7-4668-BE54-9A1E7A4F7556}") = "Diziler9", "Diziler9\Diziler9.csproj", "{6DD7062F-0CA4-4CED-9229-E087BE15A12F}"
EndProject
Project("{9A19103F-16F7-4668-BE54-9A1E7A4F7556}") = "Diziler10", "Diziler10\Diziler10.csproj", "{46B6C32D-6DF5-40C3-85AE-B33EECBCB206}"
EndProject
Project("{9A19103F-16F7-4668-BE54-9A1E7A4F7556}") = "Diziler11", "Diziler11\Diziler11.csproj", "{0829104C-9A5D-4CB7-90A1-26D769E861E1}"
EndProject
Project("{9A19103F-16F7-4668-BE54-9A1E7A4F7556}") = "Diziler12", "Diziler14\Diziler12.csproj", "{FCC8E65A-ADD2-44C3-80F7-7449539A0FFA}"
EndProject
Project("{9A19103F-16F7-4668-BE54-9A1E7A4F7556}") = "Diziler13", "Diziler15\Diziler13.csproj", "{476DFC46-4671-477B-844E-58758E9A3C87}"
EndProject
Project("{9A19103F-16F7-4668-BE54-9A1E7A4F7556}") = "Diziler14", "Diziler16\Diziler14.csproj", "{D0CD071C-4482-4234-BFB6-8FFF36A55BDD}"
EndProject
Project("{9A19103F-16F7-4668-BE54-9A1E7A4F7556}") = "Diziler15", "Diziler17\Diziler15.csproj", "{18DA8632-E8E8-4DB3-88AC-4BB31BFEE1AC}"
EndProject
Project("{9A19103F-16F7-4668-BE54-9A1E7A4F7556}") = "Diziler16", "Diziler18\Diziler16.csproj", "{746BB798-BFC7-4839-B9E0-E7B8C85FD9DD}"
EndProject
Project("{9A19103F-16F7-4668-BE54-9A1E7A4F7556}") = "Diziler17", "Diziler19\Diziler17.csproj", "{484D1DD5-96C5-45D3-B69A-1BB850F22F05}"
EndProject
Project("{9A19103F-16F7-4668-BE54-9A1E7A4F7556}") = "Diziler18", "Diziler20\Diziler18.csproj", "{508EAC1D-242E-45CD-B0F3-1EE8B55F0D81}"
EndProject
Project("{9A19103F-16F7-4668-BE54-9A1E7A4F7556}") = "Diziler19", "Diziler21\Diziler19.csproj", "{AADB193B-4299-45B8-AA70-B6C396DC159F}"
EndProject
Project("{9A19103F-16F7-4668-BE54-9A1E7A4F7556}") = "Diziler20", "Diziler22\Diziler20.csproj", "{6F3AC71E-61E5-4387-8906-B7ECC8ED185E}"
EndProject
Project("{9A19103F-16F7-4668-BE54-9A1E7A4F7556}") = "Diziler21", "Diziler23\Diziler21.csproj", "{27FDDAE5-DE40-456D-83A8-00CBC25937BF}"
EndProject
Project("{9A19103F-16F7-4668-BE54-9A1E7A4F7556}") = "Diziler22", "Diziler24\Diziler22.csproj", "{8FE2451C-FBA5-4F23-96CF-351B170EA9B1}"
EndProject
Project("{9A19103F-16F7-4668-BE54-9A1E7A4F7556}") = "Diziler23", "Diziler25\Diziler23.csproj", "{F7F5FF81-5CBD-4633-B010-6069400C2F1E}"
EndProject
Project("{9A19103F-16F7-4668-BE54-9A1E7A4F7556}") = "Diziler24", "Diziler26\Diziler24.csproj", "{08283FB9-7788-40DF-973C-D30E49E7D0F3}"
EndProject
Project("{9A19103F-16F7-4668-BE54-9A1E7A4F7556}") = "Diziler25", "Diziler27\Diziler25.csproj", "{822D0F9E-2F09-4D57-BF2D-CFE3C055E559}"
EndProject
Project("{9A19103F-16F7-4668-BE54-9A1E7A4F7556}") = "Diziler26", "Diziler28\Diziler26.csproj", "{25E387BC-F92A-4500-8836-C142909AA8D4}"
EndProject
Project("{9A19103F-16F7-4668-BE54-9A1E7A4F7556}") = "Diziler27", "Diziler29\Diziler27.csproj", "{AF9AA116-509C-4738-9FDF-5EB5F578AE54}"
EndProject
Project("{9A19103F-16F7-4668-BE54-9A1E7A4F7556}") = "Diziler28", "Diziler30\Diziler28.csproj", "{65D1F9C6-5B6F-440C-85B5-5EC29889A1B8}"
EndProject
Project("{9A19103F-16F7-4668-BE54-9A1E7A4F7556}") = "Diziler29", "Diziler33\Diziler29.csproj", "{FA2C3FA4-39B8-4504-8B5D-C326EC19EE12}"
EndProject
Project("{9A19103F-16F7-4668-BE54-9A1E7A4F7556}") = "Diziler30", "Diziler34\Diziler30.csproj", "{ED927688-6924-4578-B43E-072552D1AE1F}"
EndProject
Project("{9A19103F-16F7-4668-BE54-9A1E7A4F7556}") = "Diziler31", "Diziler35\Diziler31.csproj", "{F35D7B83-1134-4261-9E68-7B0D45DF4DF2}"
EndProject
Project("{9A19103F-16F7-4668-BE54-9A1E7A4F7556}") = "Diziler32", "Diziler36\Diziler32.csproj", "{85BAF230-F65F-4FB6-B5C8-9D1B169FE69F}"
EndProject
Project("{9A19103F-16F7-4668-BE54-9A1E7A4F7556}") = "Diziler33", "Diziler37\Diziler33.csproj", "{0139A2D2-6ED2-427D-BE07-815AD155B24E}"
EndProject
Project("{9A19103F-16F7-4668-BE54-9A1E7A4F7556}") = "Diziler34", "Diziler38\Diziler34.csproj", "{0FAB57E0-DE2F-47A6-B105-2434D97A0FF5}"
EndProject
Project("{9A19103F-16F7-4668-BE54-9A1E7A4F7556}") = "Diziler35", "Diziler39\Diziler35.csproj", "{3BFE3D5E-F1ED-4ABE-A23A-DFF56963D90B}"
EndProject
Project("{9A19103F-16F7-4668-BE54-9A1E7A4F7556}") = "Diziler36", "Diziler40\Diziler36.csproj", "{700E7C83-31AC-436E-A343-5E5A69F01089}"
EndProject
Global
	GlobalSection(SolutionConfigurationPlatforms) = preSolution
		Debug|Any CPU = Debug|Any CPU
		Release|Any CPU = Release|Any CPU
	EndGlobalSection
	GlobalSection(ProjectConfigurationPlatforms) = postSolution
		{E407B001-12C1-4EE7-B938-ED4914D0A131}.Debug|Any CPU.ActiveCfg = Debug|Any CPU
		{E407B001-12C1-4EE7-B938-ED4914D0A131}.Debug|Any CPU.Build.0 = Debug|Any CPU
		{E407B001-12C1-4EE7-B938-ED4914D0A131}.Release|Any CPU.ActiveCfg = Release|Any CPU
		{E407B001-12C1-4EE7-B938-ED4914D0A131}.Release|Any CPU.Build.0 = Release|Any CPU
		{BCF58CE1-C6F8-4167-B20D-CF463F092ECD}.Debug|Any CPU.ActiveCfg = Debug|Any CPU
		{BCF58CE1-C6F8-4167-B20D-CF463F092ECD}.Debug|Any CPU.Build.0 = Debug|Any CPU
		{BCF58CE1-C6F8-4167-B20D-CF463F092ECD}.Release|Any CPU.ActiveCfg = Release|Any CPU
		{BCF58CE1-C6F8-4167-B20D-CF463F092ECD}.Release|Any CPU.Build.0 = Release|Any CPU
		{CAE77D2E-67D9-4DB0-A77E-B8F97DED3F64}.Debug|Any CPU.ActiveCfg = Debug|Any CPU
		{CAE77D2E-67D9-4DB0-A77E-B8F97DED3F64}.Debug|Any CPU.Build.0 = Debug|Any CPU
		{CAE77D2E-67D9-4DB0-A77E-B8F97DED3F64}.Release|Any CPU.ActiveCfg = Release|Any CPU
		{CAE77D2E-67D9-4DB0-A77E-B8F97DED3F64}.Release|Any CPU.Build.0 = Release|Any CPU
		{07099695-25EB-4076-A480-EC6F269FD985}.Debug|Any CPU.ActiveCfg = Debug|Any CPU
		{07099695-25EB-4076-A480-EC6F269FD985}.Debug|Any CPU.Build.0 = Debug|Any CPU
		{07099695-25EB-4076-A480-EC6F269FD985}.Release|Any CPU.ActiveCfg = Release|Any CPU
		{07099695-25EB-4076-A480-EC6F269FD985}.Release|Any CPU.Build.0 = Release|Any CPU
		{A271B2EC-9E5C-40B6-9B29-C36B4BE1024A}.Debug|Any CPU.ActiveCfg = Debug|Any CPU
		{A271B2EC-9E5C-40B6-9B29-C36B4BE1024A}.Debug|Any CPU.Build.0 = Debug|Any CPU
		{A271B2EC-9E5C-40B6-9B29-C36B4BE1024A}.Release|Any CPU.ActiveCfg = Release|Any CPU
		{A271B2EC-9E5C-40B6-9B29-C36B4BE1024A}.Release|Any CPU.Build.0 = Release|Any CPU
		{A33CCBA4-F5F4-473D-BB98-31F19DD727F7}.Debug|Any CPU.ActiveCfg = Debug|Any CPU
		{A33CCBA4-F5F4-473D-BB98-31F19DD727F7}.Debug|Any CPU.Build.0 = Debug|Any CPU
		{A33CCBA4-F5F4-473D-BB98-31F19DD727F7}.Release|Any CPU.ActiveCfg = Release|Any CPU
		{A33CCBA4-F5F4-473D-BB98-31F19DD727F7}.Release|Any CPU.Build.0 = Release|Any CPU
		{4EED3FF3-3EF3-4A51-A765-AEE2388B640D}.Debug|Any CPU.ActiveCfg = Debug|Any CPU
		{4EED3FF3-3EF3-4A51-A765-AEE2388B640D}.Debug|Any CPU.Build.0 = Debug|Any CPU
		{4EED3FF3-3EF3-4A51-A765-AEE2388B640D}.Release|Any CPU.ActiveCfg = Release|Any CPU
		{4EED3FF3-3EF3-4A51-A765-AEE2388B640D}.Release|Any CPU.Build.0 = Release|Any CPU
		{BD8E7195-C9B1-4389-8622-0A478FC7825F}.Debug|Any CPU.ActiveCfg = Debug|Any CPU
		{BD8E7195-C9B1-4389-8622-0A478FC7825F}.Debug|Any CPU.Build.0 = Debug|Any CPU
		{BD8E7195-C9B1-4389-8622-0A478FC7825F}.Release|Any CPU.ActiveCfg = Release|Any CPU
		{BD8E7195-C9B1-4389-8622-0A478FC7825F}.Release|Any CPU.Build.0 = Release|Any CPU
		{6DD7062F-0CA4-4CED-9229-E087BE15A12F}.Debug|Any CPU.ActiveCfg = Debug|Any CPU
		{6DD7062F-0CA4-4CED-9229-E087BE15A12F}.Debug|Any CPU.Build.0 = Debug|Any CPU
		{6DD7062F-0CA4-4CED-9229-E087BE15A12F}.Release|Any CPU.ActiveCfg = Release|Any CPU
		{6DD7062F-0CA4-4CED-9229-E087BE15A12F}.Release|Any CPU.Build.0 = Release|Any CPU
		{46B6C32D-6DF5-40C3-85AE-B33EECBCB206}.Debug|Any CPU.ActiveCfg = Debug|Any CPU
		{46B6C32D-6DF5-40C3-85AE-B33EECBCB206}.Debug|Any CPU.Build.0 = Debug|Any CPU
		{46B6C32D-6DF5-40C3-85AE-B33EECBCB206}.Release|Any CPU.ActiveCfg = Release|Any CPU
		{46B6C32D-6DF5-40C3-85AE-B33EECBCB206}.Release|Any CPU.Build.0 = Release|Any CPU
		{0829104C-9A5D-4CB7-90A1-26D769E861E1}.Debug|Any CPU.ActiveCfg = Debug|Any CPU
		{0829104C-9A5D-4CB7-90A1-26D769E861E1}.Debug|Any CPU.Build.0 = Debug|Any CPU
		{0829104C-9A5D-4CB7-90A1-26D769E861E1}.Release|Any CPU.ActiveCfg = Release|Any CPU
		{0829104C-9A5D-4CB7-90A1-26D769E861E1}.Release|Any CPU.Build.0 = Release|Any CPU
		{FCC8E65A-ADD2-44C3-80F7-7449539A0FFA}.Debug|Any CPU.ActiveCfg = Debug|Any CPU
		{FCC8E65A-ADD2-44C3-80F7-7449539A0FFA}.Debug|Any CPU.Build.0 = Debug|Any CPU
		{FCC8E65A-ADD2-44C3-80F7-7449539A0FFA}.Release|Any CPU.ActiveCfg = Release|Any CPU
		{FCC8E65A-ADD2-44C3-80F7-7449539A0FFA}.Release|Any CPU.Build.0 = Release|Any CPU
		{476DFC46-4671-477B-844E-58758E9A3C87}.Debug|Any CPU.ActiveCfg = Debug|Any CPU
		{476DFC46-4671-477B-844E-58758E9A3C87}.Debug|Any CPU.Build.0 = Debug|Any CPU
		{476DFC46-4671-477B-844E-58758E9A3C87}.Release|Any CPU.ActiveCfg = Release|Any CPU
		{476DFC46-4671-477B-844E-58758E9A3C87}.Release|Any CPU.Build.0 = Release|Any CPU
		{D0CD071C-4482-4234-BFB6-8FFF36A55BDD}.Debug|Any CPU.ActiveCfg = Debug|Any CPU
		{D0CD071C-4482-4234-BFB6-8FFF36A55BDD}.Debug|Any CPU.Build.0 = Debug|Any CPU
		{D0CD071C-4482-4234-BFB6-8FFF36A55BDD}.Release|Any CPU.ActiveCfg = Release|Any CPU
		{D0CD071C-4482-4234-BFB6-8FFF36A55BDD}.Release|Any CPU.Build.0 = Release|Any CPU
		{18DA8632-E8E8-4DB3-88AC-4BB31BFEE1AC}.Debug|Any CPU.ActiveCfg = Debug|Any CPU
		{18DA8632-E8E8-4DB3-88AC-4BB31BFEE1AC}.Debug|Any CPU.Build.0 = Debug|Any CPU
		{18DA8632-E8E8-4DB3-88AC-4BB31BFEE1AC}.Release|Any CPU.ActiveCfg = Release|Any CPU
		{18DA8632-E8E8-4DB3-88AC-4BB31BFEE1AC}.Release|Any CPU.Build.0 = Release|Any CPU
		{746BB798-BFC7-4839-B9E0-E7B8C85FD9DD}.Debug|Any CPU.ActiveCfg = Debug|Any CPU
		{746BB798-BFC7-4839-B9E0-E7B8C85FD9DD}.Debug|Any CPU.Build.0 = Debug|Any CPU
		{746BB798-BFC7-4839-B9E0-E7B8C85FD9DD}.Release|Any CPU.ActiveCfg = Release|Any CPU
		{746BB798-BFC7-4839-B9E0-E7B8C85FD9DD}.Release|Any CPU.Build.0 = Release|Any CPU
		{484D1DD5-96C5-45D3-B69A-1BB850F22F05}.Debug|Any CPU.ActiveCfg = Debug|Any CPU
		{484D1DD5-96C5-45D3-B69A-1BB850F22F05}.Debug|Any CPU.Build.0 = Debug|Any CPU
		{484D1DD5-96C5-45D3-B69A-1BB850F22F05}.Release|Any CPU.ActiveCfg = Release|Any CPU
		{484D1DD5-96C5-45D3-B69A-1BB850F22F05}.Release|Any CPU.Build.0 = Release|Any CPU
		{508EAC1D-242E-45CD-B0F3-1EE8B55F0D81}.Debug|Any CPU.ActiveCfg = Debug|Any CPU
		{508EAC1D-242E-45CD-B0F3-1EE8B55F0D81}.Debug|Any CPU.Build.0 = Debug|Any CPU
		{508EAC1D-242E-45CD-B0F3-1EE8B55F0D81}.Release|Any CPU.ActiveCfg = Release|Any CPU
		{508EAC1D-242E-45CD-B0F3-1EE8B55F0D81}.Release|Any CPU.Build.0 = Release|Any CPU
		{AADB193B-4299-45B8-AA70-B6C396DC159F}.Debug|Any CPU.ActiveCfg = Debug|Any CPU
		{AADB193B-4299-45B8-AA70-B6C396DC159F}.Debug|Any CPU.Build.0 = Debug|Any CPU
		{AADB193B-4299-45B8-AA70-B6C396DC159F}.Release|Any CPU.ActiveCfg = Release|Any CPU
		{AADB193B-4299-45B8-AA70-B6C396DC159F}.Release|Any CPU.Build.0 = Release|Any CPU
		{6F3AC71E-61E5-4387-8906-B7ECC8ED185E}.Debug|Any CPU.ActiveCfg = Debug|Any CPU
		{6F3AC71E-61E5-4387-8906-B7ECC8ED185E}.Debug|Any CPU.Build.0 = Debug|Any CPU
		{6F3AC71E-61E5-4387-8906-B7ECC8ED185E}.Release|Any CPU.ActiveCfg = Release|Any CPU
		{6F3AC71E-61E5-4387-8906-B7ECC8ED185E}.Release|Any CPU.Build.0 = Release|Any CPU
		{27FDDAE5-DE40-456D-83A8-00CBC25937BF}.Debug|Any CPU.ActiveCfg = Debug|Any CPU
		{27FDDAE5-DE40-456D-83A8-00CBC25937BF}.Debug|Any CPU.Build.0 = Debug|Any CPU
		{27FDDAE5-DE40-456D-83A8-00CBC25937BF}.Release|Any CPU.ActiveCfg = Release|Any CPU
		{27FDDAE5-DE40-456D-83A8-00CBC25937BF}.Release|Any CPU.Build.0 = Release|Any CPU
		{8FE2451C-FBA5-4F23-96CF-351B170EA9B1}.Debug|Any CPU.ActiveCfg = Debug|Any CPU
		{8FE2451C-FBA5-4F23-96CF-351B170EA9B1}.Debug|Any CPU.Build.0 = Debug|Any CPU
		{8FE2451C-FBA5-4F23-96CF-351B170EA9B1}.Release|Any CPU.ActiveCfg = Release|Any CPU
		{8FE2451C-FBA5-4F23-96CF-351B170EA9B1}.Release|Any CPU.Build.0 = Release|Any CPU
		{F7F5FF81-5CBD-4633-B010-6069400C2F1E}.Debug|Any CPU.ActiveCfg = Debug|Any CPU
		{F7F5FF81-5CBD-4633-B010-6069400C2F1E}.Debug|Any CPU.Build.0 = Debug|Any CPU
		{F7F5FF81-5CBD-4633-B010-6069400C2F1E}.Release|Any CPU.ActiveCfg = Release|Any CPU
		{F7F5FF81-5CBD-4633-B010-6069400C2F1E}.Release|Any CPU.Build.0 = Release|Any CPU
		{08283FB9-7788-40DF-973C-D30E49E7D0F3}.Debug|Any CPU.ActiveCfg = Debug|Any CPU
		{08283FB9-7788-40DF-973C-D30E49E7D0F3}.Debug|Any CPU.Build.0 = Debug|Any CPU
		{08283FB9-7788-40DF-973C-D30E49E7D0F3}.Release|Any CPU.ActiveCfg = Release|Any CPU
		{08283FB9-7788-40DF-973C-D30E49E7D0F3}.Release|Any CPU.Build.0 = Release|Any CPU
		{822D0F9E-2F09-4D57-BF2D-CFE3C055E559}.Debug|Any CPU.ActiveCfg = Debug|Any CPU
		{822D0F9E-2F09-4D57-BF2D-CFE3C055E559}.Debug|Any CPU.Build.0 = Debug|Any CPU
		{822D0F9E-2F09-4D57-BF2D-CFE3C055E559}.Release|Any CPU.ActiveCfg = Release|Any CPU
		{822D0F9E-2F09-4D57-BF2D-CFE3C055E559}.Release|Any CPU.Build.0 = Release|Any CPU
		{25E387BC-F92A-4500-8836-C142909AA8D4}.Debug|Any CPU.ActiveCfg = Debug|Any CPU
		{25E387BC-F92A-4500-8836-C142909AA8D4}.Debug|Any CPU.Build.0 = Debug|Any CPU
		{25E387BC-F92A-4500-8836-C142909AA8D4}.Release|Any CPU.ActiveCfg = Release|Any CPU
		{25E387BC-F92A-4500-8836-C142909AA8D4}.Release|Any CPU.Build.0 = Release|Any CPU
		{AF9AA116-509C-4738-9FDF-5EB5F578AE54}.Debug|Any CPU.ActiveCfg = Debug|Any CPU
		{AF9AA116-509C-4738-9FDF-5EB5F578AE54}.Debug|Any CPU.Build.0 = Debug|Any CPU
		{AF9AA116-509C-4738-9FDF-5EB5F578AE54}.Release|Any CPU.ActiveCfg = Release|Any CPU
		{AF9AA116-509C-4738-9FDF-5EB5F578AE54}.Release|Any CPU.Build.0 = Release|Any CPU
		{65D1F9C6-5B6F-440C-85B5-5EC29889A1B8}.Debug|Any CPU.ActiveCfg = Debug|Any CPU
		{65D1F9C6-5B6F-440C-85B5-5EC29889A1B8}.Debug|Any CPU.Build.0 = Debug|Any CPU
		{65D1F9C6-5B6F-440C-85B5-5EC29889A1B8}.Release|Any CPU.ActiveCfg = Release|Any CPU
		{65D1F9C6-5B6F-440C-85B5-5EC29889A1B8}.Release|Any CPU.Build.0 = Release|Any CPU
		{FA2C3FA4-39B8-4504-8B5D-C326EC19EE12}.Debug|Any CPU.ActiveCfg = Debug|Any CPU
		{FA2C3FA4-39B8-4504-8B5D-C326EC19EE12}.Debug|Any CPU.Build.0 = Debug|Any CPU
		{FA2C3FA4-39B8-4504-8B5D-C326EC19EE12}.Release|Any CPU.ActiveCfg = Release|Any CPU
		{FA2C3FA4-39B8-4504-8B5D-C326EC19EE12}.Release|Any CPU.Build.0 = Release|Any CPU
		{ED927688-6924-4578-B43E-072552D1AE1F}.Debug|Any CPU.ActiveCfg = Debug|Any CPU
		{ED927688-6924-4578-B43E-072552D1AE1F}.Debug|Any CPU.Build.0 = Debug|Any CPU
		{ED927688-6924-4578-B43E-072552D1AE1F}.Release|Any CPU.ActiveCfg = Release|Any CPU
		{ED927688-6924-4578-B43E-072552D1AE1F}.Release|Any CPU.Build.0 = Release|Any CPU
		{F35D7B83-1134-4261-9E68-7B0D45DF4DF2}.Debug|Any CPU.ActiveCfg = Debug|Any CPU
		{F35D7B83-1134-4261-9E68-7B0D45DF4DF2}.Debug|Any CPU.Build.0 = Debug|Any CPU
		{F35D7B83-1134-4261-9E68-7B0D45DF4DF2}.Release|Any CPU.ActiveCfg = Release|Any CPU
		{F35D7B83-1134-4261-9E68-7B0D45DF4DF2}.Release|Any CPU.Build.0 = Release|Any CPU
		{85BAF230-F65F-4FB6-B5C8-9D1B169FE69F}.Debug|Any CPU.ActiveCfg = Debug|Any CPU
		{85BAF230-F65F-4FB6-B5C8-9D1B169FE69F}.Debug|Any CPU.Build.0 = Debug|Any CPU
		{85BAF230-F65F-4FB6-B5C8-9D1B169FE69F}.Release|Any CPU.ActiveCfg = Release|Any CPU
		{85BAF230-F65F-4FB6-B5C8-9D1B169FE69F}.Release|Any CPU.Build.0 = Release|Any CPU
		{0139A2D2-6ED2-427D-BE07-815AD155B24E}.Debug|Any CPU.ActiveCfg = Debug|Any CPU
		{0139A2D2-6ED2-427D-BE07-815AD155B24E}.Debug|Any CPU.Build.0 = Debug|Any CPU
		{0139A2D2-6ED2-427D-BE07-815AD155B24E}.Release|Any CPU.ActiveCfg = Release|Any CPU
		{0139A2D2-6ED2-427D-BE07-815AD155B24E}.Release|Any CPU.Build.0 = Release|Any CPU
		{0FAB57E0-DE2F-47A6-B105-2434D97A0FF5}.Debug|Any CPU.ActiveCfg = Debug|Any CPU
		{0FAB57E0-DE2F-47A6-B105-2434D97A0FF5}.Debug|Any CPU.Build.0 = Debug|Any CPU
		{0FAB57E0-DE2F-47A6-B105-2434D97A0FF5}.Release|Any CPU.ActiveCfg = Release|Any CPU
		{0FAB57E0-DE2F-47A6-B105-2434D97A0FF5}.Release|Any CPU.Build.0 = Release|Any CPU
		{3BFE3D5E-F1ED-4ABE-A23A-DFF56963D90B}.Debug|Any CPU.ActiveCfg = Debug|Any CPU
		{3BFE3D5E-F1ED-4ABE-A23A-DFF56963D90B}.Debug|Any CPU.Build.0 = Debug|Any CPU
		{3BFE3D5E-F1ED-4ABE-A23A-DFF56963D90B}.Release|Any CPU.ActiveCfg = Release|Any CPU
		{3BFE3D5E-F1ED-4ABE-A23A-DFF56963D90B}.Release|Any CPU.Build.0 = Release|Any CPU
		{700E7C83-31AC-436E-A343-5E5A69F01089}.Debug|Any CPU.ActiveCfg = Debug|Any CPU
		{700E7C83-31AC-436E-A343-5E5A69F01089}.Debug|Any CPU.Build.0 = Debug|Any CPU
		{700E7C83-31AC-436E-A343-5E5A69F01089}.Release|Any CPU.ActiveCfg = Release|Any CPU
		{700E7C83-31AC-436E-A343-5E5A69F01089}.Release|Any CPU.Build.0 = Release|Any CPU
	EndGlobalSection
	GlobalSection(SolutionProperties) = preSolution
		HideSolutionNode = FALSE
	EndGlobalSection
	GlobalSection(ExtensibilityGlobals) = postSolution
		SolutionGuid = {F3FF35A9-6E4E-4FA7-BC39-C015127ABCD7}
	EndGlobalSection
EndGlobal
